
Microsoft Visual Studio Solution File, Format Version 12.00
# Visual Studio Version 16
VisualStudioVersion = 16.0.31410.357
MinimumVisualStudioVersion = 10.0.40219.1
Project("{FAE04EC0-301F-11D3-BF4B-00C04F79EFBC}") = "IndyPOS", "IndyPOS\IndyPOS.csproj", "{2ED6DFC3-BF73-41B7-816C-D53312DA9C52}"
EndProject
Project("{FAE04EC0-301F-11D3-BF4B-00C04F79EFBC}") = "IndyPOS.DataAccess", "IndyPOS.DataAccess\IndyPOS.DataAccess.csproj", "{6032F51E-E3DF-47D5-9E74-A360BDBFB180}"
EndProject
Global
	GlobalSection(SolutionConfigurationPlatforms) = preSolution
		Debug|Any CPU = Debug|Any CPU
		Release|Any CPU = Release|Any CPU
	EndGlobalSection
	GlobalSection(ProjectConfigurationPlatforms) = postSolution
		{2ED6DFC3-BF73-41B7-816C-D53312DA9C52}.Debug|Any CPU.ActiveCfg = Debug|Any CPU
		{2ED6DFC3-BF73-41B7-816C-D53312DA9C52}.Debug|Any CPU.Build.0 = Debug|Any CPU
		{2ED6DFC3-BF73-41B7-816C-D53312DA9C52}.Release|Any CPU.ActiveCfg = Release|Any CPU
		{2ED6DFC3-BF73-41B7-816C-D53312DA9C52}.Release|Any CPU.Build.0 = Release|Any CPU
		{6032F51E-E3DF-47D5-9E74-A360BDBFB180}.Debug|Any CPU.ActiveCfg = Debug|Any CPU
		{6032F51E-E3DF-47D5-9E74-A360BDBFB180}.Debug|Any CPU.Build.0 = Debug|Any CPU
		{6032F51E-E3DF-47D5-9E74-A360BDBFB180}.Release|Any CPU.ActiveCfg = Release|Any CPU
		{6032F51E-E3DF-47D5-9E74-A360BDBFB180}.Release|Any CPU.Build.0 = Release|Any CPU
	EndGlobalSection
	GlobalSection(SolutionProperties) = preSolution
		HideSolutionNode = FALSE
	EndGlobalSection
	GlobalSection(ExtensibilityGlobals) = postSolution
		SolutionGuid = {8DF2657F-A964-43CB-BD74-99381ADA31E6}
	EndGlobalSection
EndGlobal
