
Microsoft Visual Studio Solution File, Format Version 12.00
# Visual Studio Version 17
VisualStudioVersion = 17.0.32014.148
MinimumVisualStudioVersion = 10.0.40219.1
Project("{9A19103F-16F7-4668-BE54-9A1E7A4F7556}") = "IndyPOS.Domain", "src\IndyPOS.Domain\IndyPOS.Domain.csproj", "{24F75591-02BA-4E92-834A-F330A60AF06A}"
EndProject
Project("{9A19103F-16F7-4668-BE54-9A1E7A4F7556}") = "IndyPOS.Windows.Forms", "src\IndyPOS.Windows.Forms\IndyPOS.Windows.Forms.csproj", "{2ED6DFC3-BF73-41B7-816C-D53312DA9C52}"
EndProject
Project("{9A19103F-16F7-4668-BE54-9A1E7A4F7556}") = "IndyPOS.Infrastructure", "src\IndyPOS.Infrastructure\IndyPOS.Infrastructure.csproj", "{6032F51E-E3DF-47D5-9E74-A360BDBFB180}"
EndProject
Project("{9A19103F-16F7-4668-BE54-9A1E7A4F7556}") = "IndyPOS.Windows.Forms.Tests", "tests\IndyPOS.Windows.Forms.Tests\IndyPOS.Windows.Forms.Tests.csproj", "{D60984B3-CE19-4B7E-BD76-834A11EE2DDA}"
EndProject
Project("{9A19103F-16F7-4668-BE54-9A1E7A4F7556}") = "IndyPOS.Application", "src\IndyPOS.Application\IndyPOS.Application.csproj", "{672B4BDC-93D2-4711-9CB2-1DB66D57591D}"
EndProject
Project("{9A19103F-16F7-4668-BE54-9A1E7A4F7556}") = "IndyPOS.Application.Tests", "tests\IndyPOS.Application.Tests\IndyPOS.Application.Tests.csproj", "{BBA8F82E-BCA3-4C9E-A315-DA8B8F149D2B}"
EndProject
Project("{2150E333-8FDC-42A3-9474-1A3956D46DE8}") = "src", "src", "{997D11A0-85EC-4363-90F7-52B709D4ED27}"
EndProject
Project("{2150E333-8FDC-42A3-9474-1A3956D46DE8}") = "tests", "tests", "{87305E60-CCF3-46E7-9CD2-E19BF10290B7}"
EndProject
Project("{9A19103F-16F7-4668-BE54-9A1E7A4F7556}") = "IndyPOS.Mock", "tests\IndyPOS.Mock\IndyPOS.Mock.csproj", "{B04659AF-3BBF-4A66-BE0A-E5C137F5C6BA}"
EndProject
Project("{FAE04EC0-301F-11D3-BF4B-00C04F79EFBC}") = "IndyPOS.ServiceDefaults", "src\IndyPOS.ServiceDefaults\IndyPOS.ServiceDefaults.csproj", "{0F23D70B-E083-46E3-9D42-D1E0801BD947}"
EndProject
Project("{FAE04EC0-301F-11D3-BF4B-00C04F79EFBC}") = "IndyPOS.AppHost", "src\IndyPOS.AppHost\IndyPOS.AppHost.csproj", "{AD457C42-890E-4E93-AC9E-99FC35A637AA}"
EndProject
Project("{FAE04EC0-301F-11D3-BF4B-00C04F79EFBC}") = "IndyPOS.StoreHub", "src\IndyPOS.StoreHub\IndyPOS.StoreHub.csproj", "{AC3D7118-17F9-4465-B6FF-AD4EFC96EFEB}"
EndProject
Project("{FAE04EC0-301F-11D3-BF4B-00C04F79EFBC}") = "IndyPOS.CloudApi", "src\IndyPOS.CloudApi\IndyPOS.CloudApi.csproj", "{6E88629C-31AB-4D2C-A247-EE15D8C4A141}"
EndProject
Global
	GlobalSection(SolutionConfigurationPlatforms) = preSolution
		Debug|x64 = Debug|x64
		Debug|Any CPU = Debug|Any CPU
		Debug|x86 = Debug|x86
		Release|x64 = Release|x64
		Release|Any CPU = Release|Any CPU
		Release|x86 = Release|x86
	EndGlobalSection
	GlobalSection(ProjectConfigurationPlatforms) = postSolution
		{24F75591-02BA-4E92-834A-F330A60AF06A}.Debug|x64.ActiveCfg = Debug|x64
		{24F75591-02BA-4E92-834A-F330A60AF06A}.Debug|x64.Build.0 = Debug|x64
		{24F75591-02BA-4E92-834A-F330A60AF06A}.Debug|Any CPU.ActiveCfg = Debug|Any CPU
		{24F75591-02BA-4E92-834A-F330A60AF06A}.Debug|Any CPU.Build.0 = Debug|Any CPU
		{24F75591-02BA-4E92-834A-F330A60AF06A}.Debug|x86.ActiveCfg = Debug|Any CPU
		{24F75591-02BA-4E92-834A-F330A60AF06A}.Debug|x86.Build.0 = Debug|Any CPU
		{24F75591-02BA-4E92-834A-F330A60AF06A}.Release|x64.ActiveCfg = Release|x64
		{24F75591-02BA-4E92-834A-F330A60AF06A}.Release|x64.Build.0 = Release|x64
		{24F75591-02BA-4E92-834A-F330A60AF06A}.Release|Any CPU.ActiveCfg = Release|Any CPU
		{24F75591-02BA-4E92-834A-F330A60AF06A}.Release|Any CPU.Build.0 = Release|Any CPU
		{24F75591-02BA-4E92-834A-F330A60AF06A}.Release|x86.ActiveCfg = Release|Any CPU
		{24F75591-02BA-4E92-834A-F330A60AF06A}.Release|x86.Build.0 = Release|Any CPU
		{2ED6DFC3-BF73-41B7-816C-D53312DA9C52}.Debug|x64.ActiveCfg = Debug|x64
		{2ED6DFC3-BF73-41B7-816C-D53312DA9C52}.Debug|x64.Build.0 = Debug|x64
		{2ED6DFC3-BF73-41B7-816C-D53312DA9C52}.Debug|Any CPU.ActiveCfg = Debug|Any CPU
		{2ED6DFC3-BF73-41B7-816C-D53312DA9C52}.Debug|Any CPU.Build.0 = Debug|Any CPU
		{2ED6DFC3-BF73-41B7-816C-D53312DA9C52}.Debug|x86.ActiveCfg = Debug|Any CPU
		{2ED6DFC3-BF73-41B7-816C-D53312DA9C52}.Debug|x86.Build.0 = Debug|Any CPU
		{2ED6DFC3-BF73-41B7-816C-D53312DA9C52}.Release|x64.ActiveCfg = Release|x64
		{2ED6DFC3-BF73-41B7-816C-D53312DA9C52}.Release|x64.Build.0 = Release|x64
		{2ED6DFC3-BF73-41B7-816C-D53312DA9C52}.Release|Any CPU.ActiveCfg = Release|Any CPU
		{2ED6DFC3-BF73-41B7-816C-D53312DA9C52}.Release|Any CPU.Build.0 = Release|Any CPU
		{2ED6DFC3-BF73-41B7-816C-D53312DA9C52}.Release|x86.ActiveCfg = Release|Any CPU
		{2ED6DFC3-BF73-41B7-816C-D53312DA9C52}.Release|x86.Build.0 = Release|Any CPU
		{6032F51E-E3DF-47D5-9E74-A360BDBFB180}.Debug|x64.ActiveCfg = Debug|x64
		{6032F51E-E3DF-47D5-9E74-A360BDBFB180}.Debug|x64.Build.0 = Debug|x64
		{6032F51E-E3DF-47D5-9E74-A360BDBFB180}.Debug|Any CPU.ActiveCfg = Debug|Any CPU
		{6032F51E-E3DF-47D5-9E74-A360BDBFB180}.Debug|Any CPU.Build.0 = Debug|Any CPU
		{6032F51E-E3DF-47D5-9E74-A360BDBFB180}.Debug|x86.ActiveCfg = Debug|Any CPU
		{6032F51E-E3DF-47D5-9E74-A360BDBFB180}.Debug|x86.Build.0 = Debug|Any CPU
		{6032F51E-E3DF-47D5-9E74-A360BDBFB180}.Release|x64.ActiveCfg = Release|x64
		{6032F51E-E3DF-47D5-9E74-A360BDBFB180}.Release|x64.Build.0 = Release|x64
		{6032F51E-E3DF-47D5-9E74-A360BDBFB180}.Release|Any CPU.ActiveCfg = Release|Any CPU
		{6032F51E-E3DF-47D5-9E74-A360BDBFB180}.Release|Any CPU.Build.0 = Release|Any CPU
		{6032F51E-E3DF-47D5-9E74-A360BDBFB180}.Release|x86.ActiveCfg = Release|Any CPU
		{6032F51E-E3DF-47D5-9E74-A360BDBFB180}.Release|x86.Build.0 = Release|Any CPU
		{D60984B3-CE19-4B7E-BD76-834A11EE2DDA}.Debug|x64.ActiveCfg = Debug|x64
		{D60984B3-CE19-4B7E-BD76-834A11EE2DDA}.Debug|x64.Build.0 = Debug|x64
		{D60984B3-CE19-4B7E-BD76-834A11EE2DDA}.Debug|Any CPU.ActiveCfg = Debug|Any CPU
		{D60984B3-CE19-4B7E-BD76-834A11EE2DDA}.Debug|Any CPU.Build.0 = Debug|Any CPU
		{D60984B3-CE19-4B7E-BD76-834A11EE2DDA}.Debug|x86.ActiveCfg = Debug|Any CPU
		{D60984B3-CE19-4B7E-BD76-834A11EE2DDA}.Debug|x86.Build.0 = Debug|Any CPU
		{D60984B3-CE19-4B7E-BD76-834A11EE2DDA}.Release|x64.ActiveCfg = Release|x64
		{D60984B3-CE19-4B7E-BD76-834A11EE2DDA}.Release|x64.Build.0 = Release|x64
		{D60984B3-CE19-4B7E-BD76-834A11EE2DDA}.Release|Any CPU.ActiveCfg = Release|Any CPU
		{D60984B3-CE19-4B7E-BD76-834A11EE2DDA}.Release|Any CPU.Build.0 = Release|Any CPU
		{D60984B3-CE19-4B7E-BD76-834A11EE2DDA}.Release|x86.ActiveCfg = Release|Any CPU
		{D60984B3-CE19-4B7E-BD76-834A11EE2DDA}.Release|x86.Build.0 = Release|Any CPU
		{672B4BDC-93D2-4711-9CB2-1DB66D57591D}.Debug|x64.ActiveCfg = Debug|x64
		{672B4BDC-93D2-4711-9CB2-1DB66D57591D}.Debug|x64.Build.0 = Debug|x64
		{672B4BDC-93D2-4711-9CB2-1DB66D57591D}.Debug|Any CPU.ActiveCfg = Debug|Any CPU
		{672B4BDC-93D2-4711-9CB2-1DB66D57591D}.Debug|Any CPU.Build.0 = Debug|Any CPU
		{672B4BDC-93D2-4711-9CB2-1DB66D57591D}.Debug|x86.ActiveCfg = Debug|Any CPU
		{672B4BDC-93D2-4711-9CB2-1DB66D57591D}.Debug|x86.Build.0 = Debug|Any CPU
		{672B4BDC-93D2-4711-9CB2-1DB66D57591D}.Release|x64.ActiveCfg = Release|x64
		{672B4BDC-93D2-4711-9CB2-1DB66D57591D}.Release|x64.Build.0 = Release|x64
		{672B4BDC-93D2-4711-9CB2-1DB66D57591D}.Release|Any CPU.ActiveCfg = Release|Any CPU
		{672B4BDC-93D2-4711-9CB2-1DB66D57591D}.Release|Any CPU.Build.0 = Release|Any CPU
		{672B4BDC-93D2-4711-9CB2-1DB66D57591D}.Release|x86.ActiveCfg = Release|Any CPU
		{672B4BDC-93D2-4711-9CB2-1DB66D57591D}.Release|x86.Build.0 = Release|Any CPU
		{BBA8F82E-BCA3-4C9E-A315-DA8B8F149D2B}.Debug|x64.ActiveCfg = Debug|x64
		{BBA8F82E-BCA3-4C9E-A315-DA8B8F149D2B}.Debug|x64.Build.0 = Debug|x64
		{BBA8F82E-BCA3-4C9E-A315-DA8B8F149D2B}.Debug|Any CPU.ActiveCfg = Debug|Any CPU
		{BBA8F82E-BCA3-4C9E-A315-DA8B8F149D2B}.Debug|Any CPU.Build.0 = Debug|Any CPU
		{BBA8F82E-BCA3-4C9E-A315-DA8B8F149D2B}.Debug|x86.ActiveCfg = Debug|Any CPU
		{BBA8F82E-BCA3-4C9E-A315-DA8B8F149D2B}.Debug|x86.Build.0 = Debug|Any CPU
		{BBA8F82E-BCA3-4C9E-A315-DA8B8F149D2B}.Release|x64.ActiveCfg = Release|x64
		{BBA8F82E-BCA3-4C9E-A315-DA8B8F149D2B}.Release|x64.Build.0 = Release|x64
		{BBA8F82E-BCA3-4C9E-A315-DA8B8F149D2B}.Release|Any CPU.ActiveCfg = Release|Any CPU
		{BBA8F82E-BCA3-4C9E-A315-DA8B8F149D2B}.Release|Any CPU.Build.0 = Release|Any CPU
		{BBA8F82E-BCA3-4C9E-A315-DA8B8F149D2B}.Release|x86.ActiveCfg = Release|Any CPU
		{BBA8F82E-BCA3-4C9E-A315-DA8B8F149D2B}.Release|x86.Build.0 = Release|Any CPU
		{B04659AF-3BBF-4A66-BE0A-E5C137F5C6BA}.Debug|x64.ActiveCfg = Debug|x64
		{B04659AF-3BBF-4A66-BE0A-E5C137F5C6BA}.Debug|x64.Build.0 = Debug|x64
		{B04659AF-3BBF-4A66-BE0A-E5C137F5C6BA}.Debug|Any CPU.ActiveCfg = Debug|Any CPU
		{B04659AF-3BBF-4A66-BE0A-E5C137F5C6BA}.Debug|Any CPU.Build.0 = Debug|Any CPU
		{B04659AF-3BBF-4A66-BE0A-E5C137F5C6BA}.Debug|x86.ActiveCfg = Debug|Any CPU
		{B04659AF-3BBF-4A66-BE0A-E5C137F5C6BA}.Debug|x86.Build.0 = Debug|Any CPU
		{B04659AF-3BBF-4A66-BE0A-E5C137F5C6BA}.Release|x64.ActiveCfg = Release|x64
		{B04659AF-3BBF-4A66-BE0A-E5C137F5C6BA}.Release|x64.Build.0 = Release|x64
		{B04659AF-3BBF-4A66-BE0A-E5C137F5C6BA}.Release|Any CPU.ActiveCfg = Release|Any CPU
		{B04659AF-3BBF-4A66-BE0A-E5C137F5C6BA}.Release|Any CPU.Build.0 = Release|Any CPU
		{B04659AF-3BBF-4A66-BE0A-E5C137F5C6BA}.Release|x86.ActiveCfg = Release|Any CPU
		{B04659AF-3BBF-4A66-BE0A-E5C137F5C6BA}.Release|x86.Build.0 = Release|Any CPU
		{0F23D70B-E083-46E3-9D42-D1E0801BD947}.Debug|x64.ActiveCfg = Debug|Any CPU
		{0F23D70B-E083-46E3-9D42-D1E0801BD947}.Debug|x64.Build.0 = Debug|Any CPU
		{0F23D70B-E083-46E3-9D42-D1E0801BD947}.Debug|Any CPU.ActiveCfg = Debug|Any CPU
		{0F23D70B-E083-46E3-9D42-D1E0801BD947}.Debug|Any CPU.Build.0 = Debug|Any CPU
		{0F23D70B-E083-46E3-9D42-D1E0801BD947}.Debug|x86.ActiveCfg = Debug|Any CPU
		{0F23D70B-E083-46E3-9D42-D1E0801BD947}.Debug|x86.Build.0 = Debug|Any CPU
		{0F23D70B-E083-46E3-9D42-D1E0801BD947}.Release|x64.ActiveCfg = Release|Any CPU
		{0F23D70B-E083-46E3-9D42-D1E0801BD947}.Release|x64.Build.0 = Release|Any CPU
		{0F23D70B-E083-46E3-9D42-D1E0801BD947}.Release|Any CPU.ActiveCfg = Release|Any CPU
		{0F23D70B-E083-46E3-9D42-D1E0801BD947}.Release|Any CPU.Build.0 = Release|Any CPU
		{0F23D70B-E083-46E3-9D42-D1E0801BD947}.Release|x86.ActiveCfg = Release|Any CPU
		{0F23D70B-E083-46E3-9D42-D1E0801BD947}.Release|x86.Build.0 = Release|Any CPU
		{AD457C42-890E-4E93-AC9E-99FC35A637AA}.Debug|x64.ActiveCfg = Debug|Any CPU
		{AD457C42-890E-4E93-AC9E-99FC35A637AA}.Debug|x64.Build.0 = Debug|Any CPU
		{AD457C42-890E-4E93-AC9E-99FC35A637AA}.Debug|Any CPU.ActiveCfg = Debug|Any CPU
		{AD457C42-890E-4E93-AC9E-99FC35A637AA}.Debug|Any CPU.Build.0 = Debug|Any CPU
		{AD457C42-890E-4E93-AC9E-99FC35A637AA}.Debug|x86.ActiveCfg = Debug|Any CPU
		{AD457C42-890E-4E93-AC9E-99FC35A637AA}.Debug|x86.Build.0 = Debug|Any CPU
		{AD457C42-890E-4E93-AC9E-99FC35A637AA}.Release|x64.ActiveCfg = Release|Any CPU
		{AD457C42-890E-4E93-AC9E-99FC35A637AA}.Release|x64.Build.0 = Release|Any CPU
		{AD457C42-890E-4E93-AC9E-99FC35A637AA}.Release|Any CPU.ActiveCfg = Release|Any CPU
		{AD457C42-890E-4E93-AC9E-99FC35A637AA}.Release|Any CPU.Build.0 = Release|Any CPU
		{AD457C42-890E-4E93-AC9E-99FC35A637AA}.Release|x86.ActiveCfg = Release|Any CPU
		{AD457C42-890E-4E93-AC9E-99FC35A637AA}.Release|x86.Build.0 = Release|Any CPU
		{AC3D7118-17F9-4465-B6FF-AD4EFC96EFEB}.Debug|x64.ActiveCfg = Debug|Any CPU
		{AC3D7118-17F9-4465-B6FF-AD4EFC96EFEB}.Debug|x64.Build.0 = Debug|Any CPU
		{AC3D7118-17F9-4465-B6FF-AD4EFC96EFEB}.Debug|Any CPU.ActiveCfg = Debug|Any CPU
		{AC3D7118-17F9-4465-B6FF-AD4EFC96EFEB}.Debug|Any CPU.Build.0 = Debug|Any CPU
		{AC3D7118-17F9-4465-B6FF-AD4EFC96EFEB}.Debug|x86.ActiveCfg = Debug|Any CPU
		{AC3D7118-17F9-4465-B6FF-AD4EFC96EFEB}.Debug|x86.Build.0 = Debug|Any CPU
		{AC3D7118-17F9-4465-B6FF-AD4EFC96EFEB}.Release|x64.ActiveCfg = Release|Any CPU
		{AC3D7118-17F9-4465-B6FF-AD4EFC96EFEB}.Release|x64.Build.0 = Release|Any CPU
		{AC3D7118-17F9-4465-B6FF-AD4EFC96EFEB}.Release|Any CPU.ActiveCfg = Release|Any CPU
		{AC3D7118-17F9-4465-B6FF-AD4EFC96EFEB}.Release|Any CPU.Build.0 = Release|Any CPU
		{AC3D7118-17F9-4465-B6FF-AD4EFC96EFEB}.Release|x86.ActiveCfg = Release|Any CPU
		{AC3D7118-17F9-4465-B6FF-AD4EFC96EFEB}.Release|x86.Build.0 = Release|Any CPU
		{6E88629C-31AB-4D2C-A247-EE15D8C4A141}.Debug|x64.ActiveCfg = Debug|Any CPU
		{6E88629C-31AB-4D2C-A247-EE15D8C4A141}.Debug|x64.Build.0 = Debug|Any CPU
		{6E88629C-31AB-4D2C-A247-EE15D8C4A141}.Debug|Any CPU.ActiveCfg = Debug|Any CPU
		{6E88629C-31AB-4D2C-A247-EE15D8C4A141}.Debug|Any CPU.Build.0 = Debug|Any CPU
		{6E88629C-31AB-4D2C-A247-EE15D8C4A141}.Debug|x86.ActiveCfg = Debug|Any CPU
		{6E88629C-31AB-4D2C-A247-EE15D8C4A141}.Debug|x86.Build.0 = Debug|Any CPU
		{6E88629C-31AB-4D2C-A247-EE15D8C4A141}.Release|x64.ActiveCfg = Release|Any CPU
		{6E88629C-31AB-4D2C-A247-EE15D8C4A141}.Release|x64.Build.0 = Release|Any CPU
		{6E88629C-31AB-4D2C-A247-EE15D8C4A141}.Release|Any CPU.ActiveCfg = Release|Any CPU
		{6E88629C-31AB-4D2C-A247-EE15D8C4A141}.Release|Any CPU.Build.0 = Release|Any CPU
		{6E88629C-31AB-4D2C-A247-EE15D8C4A141}.Release|x86.ActiveCfg = Release|Any CPU
		{6E88629C-31AB-4D2C-A247-EE15D8C4A141}.Release|x86.Build.0 = Release|Any CPU
	EndGlobalSection
	GlobalSection(SolutionProperties) = preSolution
		HideSolutionNode = FALSE
	EndGlobalSection
	GlobalSection(NestedProjects) = preSolution
		{24F75591-02BA-4E92-834A-F330A60AF06A} = {997D11A0-85EC-4363-90F7-52B709D4ED27}
		{2ED6DFC3-BF73-41B7-816C-D53312DA9C52} = {997D11A0-85EC-4363-90F7-52B709D4ED27}
		{6032F51E-E3DF-47D5-9E74-A360BDBFB180} = {997D11A0-85EC-4363-90F7-52B709D4ED27}
		{D60984B3-CE19-4B7E-BD76-834A11EE2DDA} = {87305E60-CCF3-46E7-9CD2-E19BF10290B7}
		{672B4BDC-93D2-4711-9CB2-1DB66D57591D} = {997D11A0-85EC-4363-90F7-52B709D4ED27}
		{BBA8F82E-BCA3-4C9E-A315-DA8B8F149D2B} = {87305E60-CCF3-46E7-9CD2-E19BF10290B7}
		{B04659AF-3BBF-4A66-BE0A-E5C137F5C6BA} = {87305E60-CCF3-46E7-9CD2-E19BF10290B7}
		{0F23D70B-E083-46E3-9D42-D1E0801BD947} = {997D11A0-85EC-4363-90F7-52B709D4ED27}
		{AD457C42-890E-4E93-AC9E-99FC35A637AA} = {997D11A0-85EC-4363-90F7-52B709D4ED27}
		{AC3D7118-17F9-4465-B6FF-AD4EFC96EFEB} = {997D11A0-85EC-4363-90F7-52B709D4ED27}
		{6E88629C-31AB-4D2C-A247-EE15D8C4A141} = {997D11A0-85EC-4363-90F7-52B709D4ED27}
	EndGlobalSection
	GlobalSection(ExtensibilityGlobals) = postSolution
		SolutionGuid = {8DF2657F-A964-43CB-BD74-99381ADA31E6}
	EndGlobalSection
EndGlobal
